// !$*UTF8*$!
{
	archiveVersion = 1;
	classes = {
	};
	objectVersion = 50;
	objects = {

/* Begin PBXBuildFile section */
		CF5A5B9C23CA67AB0048209C /* AppDelegate.swift in Sources */ = {isa = PBXBuildFile; fileRef = CF5A5B9B23CA67AB0048209C /* AppDelegate.swift */; };
		CF5A5B9E23CA67AB0048209C /* art.scnassets in Resources */ = {isa = PBXBuildFile; fileRef = CF5A5B9D23CA67AB0048209C /* art.scnassets */; };
		CF5A5BA023CA67AB0048209C /* ViewController.swift in Sources */ = {isa = PBXBuildFile; fileRef = CF5A5B9F23CA67AB0048209C /* ViewController.swift */; };
		CF5A5BA323CA67AB0048209C /* Main.storyboard in Resources */ = {isa = PBXBuildFile; fileRef = CF5A5BA123CA67AB0048209C /* Main.storyboard */; };
		CF5A5BA523CA67AC0048209C /* Assets.xcassets in Resources */ = {isa = PBXBuildFile; fileRef = CF5A5BA423CA67AC0048209C /* Assets.xcassets */; };
		CF5A5BA823CA67AC0048209C /* LaunchScreen.storyboard in Resources */ = {isa = PBXBuildFile; fileRef = CF5A5BA623CA67AC0048209C /* LaunchScreen.storyboard */; };
		CF5A5BB323CA67AD0048209C /* Stats_on_SightTests.swift in Sources */ = {isa = PBXBuildFile; fileRef = CF5A5BB223CA67AD0048209C /* Stats_on_SightTests.swift */; };
		CF5A5BBE23CA67AD0048209C /* Stats_on_SightUITests.swift in Sources */ = {isa = PBXBuildFile; fileRef = CF5A5BBD23CA67AD0048209C /* Stats_on_SightUITests.swift */; };
		CF89E7BB23CAEEB30034DD00 /* Payload.swift in Sources */ = {isa = PBXBuildFile; fileRef = CF89E7BA23CAEEB30034DD00 /* Payload.swift */; };
		CFF7191F23CA9BDA00164BCB /* RectangleDetector.swift in Sources */ = {isa = PBXBuildFile; fileRef = CFF7191E23CA9BDA00164BCB /* RectangleDetector.swift */; };
		CFF7192123CAA66D00164BCB /* GameplayImage.swift in Sources */ = {isa = PBXBuildFile; fileRef = CFF7192023CAA66D00164BCB /* GameplayImage.swift */; };
		CFF7192323CAAA8200164BCB /* Utilities.swift in Sources */ = {isa = PBXBuildFile; fileRef = CFF7192223CAAA8200164BCB /* Utilities.swift */; };
/* End PBXBuildFile section */

/* Begin PBXContainerItemProxy section */
		CF5A5BAF23CA67AD0048209C /* PBXContainerItemProxy */ = {
			isa = PBXContainerItemProxy;
			containerPortal = CF5A5B9023CA67AA0048209C /* Project object */;
			proxyType = 1;
			remoteGlobalIDString = CF5A5B9723CA67AA0048209C;
			remoteInfo = "Stats on Sight";
		};
		CF5A5BBA23CA67AD0048209C /* PBXContainerItemProxy */ = {
			isa = PBXContainerItemProxy;
			containerPortal = CF5A5B9023CA67AA0048209C /* Project object */;
			proxyType = 1;
			remoteGlobalIDString = CF5A5B9723CA67AA0048209C;
			remoteInfo = "Stats on Sight";
		};
/* End PBXContainerItemProxy section */

/* Begin PBXFileReference section */
		CF5A5B9823CA67AB0048209C /* Stats on Sight.app */ = {isa = PBXFileReference; explicitFileType = wrapper.application; includeInIndex = 0; path = "Stats on Sight.app"; sourceTree = BUILT_PRODUCTS_DIR; };
		CF5A5B9B23CA67AB0048209C /* AppDelegate.swift */ = {isa = PBXFileReference; lastKnownFileType = sourcecode.swift; path = AppDelegate.swift; sourceTree = "<group>"; };
		CF5A5B9D23CA67AB0048209C /* art.scnassets */ = {isa = PBXFileReference; lastKnownFileType = wrapper.scnassets; path = art.scnassets; sourceTree = "<group>"; };
		CF5A5B9F23CA67AB0048209C /* ViewController.swift */ = {isa = PBXFileReference; lastKnownFileType = sourcecode.swift; path = ViewController.swift; sourceTree = "<group>"; };
		CF5A5BA223CA67AB0048209C /* Base */ = {isa = PBXFileReference; lastKnownFileType = file.storyboard; name = Base; path = Base.lproj/Main.storyboard; sourceTree = "<group>"; };
		CF5A5BA423CA67AC0048209C /* Assets.xcassets */ = {isa = PBXFileReference; lastKnownFileType = folder.assetcatalog; path = Assets.xcassets; sourceTree = "<group>"; };
		CF5A5BA723CA67AC0048209C /* Base */ = {isa = PBXFileReference; lastKnownFileType = file.storyboard; name = Base; path = Base.lproj/LaunchScreen.storyboard; sourceTree = "<group>"; };
		CF5A5BA923CA67AC0048209C /* Info.plist */ = {isa = PBXFileReference; lastKnownFileType = text.plist.xml; path = Info.plist; sourceTree = "<group>"; };
		CF5A5BAE23CA67AD0048209C /* Stats on SightTests.xctest */ = {isa = PBXFileReference; explicitFileType = wrapper.cfbundle; includeInIndex = 0; path = "Stats on SightTests.xctest"; sourceTree = BUILT_PRODUCTS_DIR; };
		CF5A5BB223CA67AD0048209C /* Stats_on_SightTests.swift */ = {isa = PBXFileReference; lastKnownFileType = sourcecode.swift; path = Stats_on_SightTests.swift; sourceTree = "<group>"; };
		CF5A5BB423CA67AD0048209C /* Info.plist */ = {isa = PBXFileReference; lastKnownFileType = text.plist.xml; path = Info.plist; sourceTree = "<group>"; };
		CF5A5BB923CA67AD0048209C /* Stats on SightUITests.xctest */ = {isa = PBXFileReference; explicitFileType = wrapper.cfbundle; includeInIndex = 0; path = "Stats on SightUITests.xctest"; sourceTree = BUILT_PRODUCTS_DIR; };
		CF5A5BBD23CA67AD0048209C /* Stats_on_SightUITests.swift */ = {isa = PBXFileReference; lastKnownFileType = sourcecode.swift; path = Stats_on_SightUITests.swift; sourceTree = "<group>"; };
		CF5A5BBF23CA67AD0048209C /* Info.plist */ = {isa = PBXFileReference; lastKnownFileType = text.plist.xml; path = Info.plist; sourceTree = "<group>"; };
		CF89E7BA23CAEEB30034DD00 /* Payload.swift */ = {isa = PBXFileReference; lastKnownFileType = sourcecode.swift; path = Payload.swift; sourceTree = "<group>"; };
		CFF7191E23CA9BDA00164BCB /* RectangleDetector.swift */ = {isa = PBXFileReference; lastKnownFileType = sourcecode.swift; path = RectangleDetector.swift; sourceTree = "<group>"; };
		CFF7192023CAA66D00164BCB /* GameplayImage.swift */ = {isa = PBXFileReference; lastKnownFileType = sourcecode.swift; path = GameplayImage.swift; sourceTree = "<group>"; };
		CFF7192223CAAA8200164BCB /* Utilities.swift */ = {isa = PBXFileReference; lastKnownFileType = sourcecode.swift; path = Utilities.swift; sourceTree = "<group>"; };
/* End PBXFileReference section */

/* Begin PBXFrameworksBuildPhase section */
		CF5A5B9523CA67AA0048209C /* Frameworks */ = {
			isa = PBXFrameworksBuildPhase;
			buildActionMask = 2147483647;
			files = (
			);
			runOnlyForDeploymentPostprocessing = 0;
		};
		CF5A5BAB23CA67AD0048209C /* Frameworks */ = {
			isa = PBXFrameworksBuildPhase;
			buildActionMask = 2147483647;
			files = (
			);
			runOnlyForDeploymentPostprocessing = 0;
		};
		CF5A5BB623CA67AD0048209C /* Frameworks */ = {
			isa = PBXFrameworksBuildPhase;
			buildActionMask = 2147483647;
			files = (
			);
			runOnlyForDeploymentPostprocessing = 0;
		};
/* End PBXFrameworksBuildPhase section */

/* Begin PBXGroup section */
		CF5A5B8F23CA67AA0048209C = {
			isa = PBXGroup;
			children = (
				CF5A5B9A23CA67AB0048209C /* Stats on Sight */,
				CF5A5BB123CA67AD0048209C /* Stats on SightTests */,
				CF5A5BBC23CA67AD0048209C /* Stats on SightUITests */,
				CF5A5B9923CA67AB0048209C /* Products */,
			);
			sourceTree = "<group>";
		};
		CF5A5B9923CA67AB0048209C /* Products */ = {
			isa = PBXGroup;
			children = (
				CF5A5B9823CA67AB0048209C /* Stats on Sight.app */,
				CF5A5BAE23CA67AD0048209C /* Stats on SightTests.xctest */,
				CF5A5BB923CA67AD0048209C /* Stats on SightUITests.xctest */,
			);
			name = Products;
			sourceTree = "<group>";
		};
		CF5A5B9A23CA67AB0048209C /* Stats on Sight */ = {
			isa = PBXGroup;
			children = (
				CF89E7B923CAEE360034DD00 /* Models */,
				CF89E7B823CAEE280034DD00 /* Views */,
				CF89E7B723CAEE1A0034DD00 /* Storyboards */,
				CF89E7B623CAEE030034DD00 /* Services */,
				CF5A5B9B23CA67AB0048209C /* AppDelegate.swift */,
				CF5A5B9D23CA67AB0048209C /* art.scnassets */,
				CF5A5BA423CA67AC0048209C /* Assets.xcassets */,
				CF5A5BA923CA67AC0048209C /* Info.plist */,
			);
			path = "Stats on Sight";
			sourceTree = "<group>";
		};
		CF5A5BB123CA67AD0048209C /* Stats on SightTests */ = {
			isa = PBXGroup;
			children = (
				CF5A5BB223CA67AD0048209C /* Stats_on_SightTests.swift */,
				CF5A5BB423CA67AD0048209C /* Info.plist */,
			);
			path = "Stats on SightTests";
			sourceTree = "<group>";
		};
		CF5A5BBC23CA67AD0048209C /* Stats on SightUITests */ = {
			isa = PBXGroup;
			children = (
				CF5A5BBD23CA67AD0048209C /* Stats_on_SightUITests.swift */,
				CF5A5BBF23CA67AD0048209C /* Info.plist */,
			);
			path = "Stats on SightUITests";
			sourceTree = "<group>";
		};
		CF89E7B623CAEE030034DD00 /* Services */ = {
			isa = PBXGroup;
			children = (
				CFF7191E23CA9BDA00164BCB /* RectangleDetector.swift */,
				CFF7192223CAAA8200164BCB /* Utilities.swift */,
			);
			path = Services;
			sourceTree = "<group>";
		};
		CF89E7B723CAEE1A0034DD00 /* Storyboards */ = {
			isa = PBXGroup;
			children = (
				CF5A5BA123CA67AB0048209C /* Main.storyboard */,
				CF5A5BA623CA67AC0048209C /* LaunchScreen.storyboard */,
			);
			path = Storyboards;
			sourceTree = "<group>";
		};
		CF89E7B823CAEE280034DD00 /* Views */ = {
			isa = PBXGroup;
			children = (
				CF5A5B9F23CA67AB0048209C /* ViewController.swift */,
				CFF7192023CAA66D00164BCB /* GameplayImage.swift */,
			);
			path = Views;
			sourceTree = "<group>";
		};
		CF89E7B923CAEE360034DD00 /* Models */ = {
			isa = PBXGroup;
			children = (
				CF89E7BA23CAEEB30034DD00 /* Payload.swift */,
			);
			path = Models;
			sourceTree = "<group>";
		};
/* End PBXGroup section */

/* Begin PBXNativeTarget section */
		CF5A5B9723CA67AA0048209C /* Stats on Sight */ = {
			isa = PBXNativeTarget;
			buildConfigurationList = CF5A5BC223CA67AD0048209C /* Build configuration list for PBXNativeTarget "Stats on Sight" */;
			buildPhases = (
				CF5A5B9423CA67AA0048209C /* Sources */,
				CF5A5B9523CA67AA0048209C /* Frameworks */,
				CF5A5B9623CA67AA0048209C /* Resources */,
			);
			buildRules = (
			);
			dependencies = (
			);
			name = "Stats on Sight";
			productName = "Stats on Sight";
			productReference = CF5A5B9823CA67AB0048209C /* Stats on Sight.app */;
			productType = "com.apple.product-type.application";
		};
		CF5A5BAD23CA67AD0048209C /* Stats on SightTests */ = {
			isa = PBXNativeTarget;
			buildConfigurationList = CF5A5BC523CA67AD0048209C /* Build configuration list for PBXNativeTarget "Stats on SightTests" */;
			buildPhases = (
				CF5A5BAA23CA67AD0048209C /* Sources */,
				CF5A5BAB23CA67AD0048209C /* Frameworks */,
				CF5A5BAC23CA67AD0048209C /* Resources */,
			);
			buildRules = (
			);
			dependencies = (
				CF5A5BB023CA67AD0048209C /* PBXTargetDependency */,
			);
			name = "Stats on SightTests";
			productName = "Stats on SightTests";
			productReference = CF5A5BAE23CA67AD0048209C /* Stats on SightTests.xctest */;
			productType = "com.apple.product-type.bundle.unit-test";
		};
		CF5A5BB823CA67AD0048209C /* Stats on SightUITests */ = {
			isa = PBXNativeTarget;
			buildConfigurationList = CF5A5BC823CA67AD0048209C /* Build configuration list for PBXNativeTarget "Stats on SightUITests" */;
			buildPhases = (
				CF5A5BB523CA67AD0048209C /* Sources */,
				CF5A5BB623CA67AD0048209C /* Frameworks */,
				CF5A5BB723CA67AD0048209C /* Resources */,
			);
			buildRules = (
			);
			dependencies = (
				CF5A5BBB23CA67AD0048209C /* PBXTargetDependency */,
			);
			name = "Stats on SightUITests";
			productName = "Stats on SightUITests";
			productReference = CF5A5BB923CA67AD0048209C /* Stats on SightUITests.xctest */;
			productType = "com.apple.product-type.bundle.ui-testing";
		};
/* End PBXNativeTarget section */

/* Begin PBXProject section */
		CF5A5B9023CA67AA0048209C /* Project object */ = {
			isa = PBXProject;
			attributes = {
				LastSwiftUpdateCheck = 1010;
				LastUpgradeCheck = 1010;
				ORGANIZATIONNAME = "Alex Law";
				TargetAttributes = {
					CF5A5B9723CA67AA0048209C = {
						CreatedOnToolsVersion = 10.1;
					};
					CF5A5BAD23CA67AD0048209C = {
						CreatedOnToolsVersion = 10.1;
						TestTargetID = CF5A5B9723CA67AA0048209C;
					};
					CF5A5BB823CA67AD0048209C = {
						CreatedOnToolsVersion = 10.1;
						TestTargetID = CF5A5B9723CA67AA0048209C;
					};
				};
			};
			buildConfigurationList = CF5A5B9323CA67AA0048209C /* Build configuration list for PBXProject "Stats on Sight" */;
			compatibilityVersion = "Xcode 9.3";
			developmentRegion = en;
			hasScannedForEncodings = 0;
			knownRegions = (
				en,
				Base,
			);
			mainGroup = CF5A5B8F23CA67AA0048209C;
			productRefGroup = CF5A5B9923CA67AB0048209C /* Products */;
			projectDirPath = "";
			projectRoot = "";
			targets = (
				CF5A5B9723CA67AA0048209C /* Stats on Sight */,
				CF5A5BAD23CA67AD0048209C /* Stats on SightTests */,
				CF5A5BB823CA67AD0048209C /* Stats on SightUITests */,
			);
		};
/* End PBXProject section */

/* Begin PBXResourcesBuildPhase section */
		CF5A5B9623CA67AA0048209C /* Resources */ = {
			isa = PBXResourcesBuildPhase;
			buildActionMask = 2147483647;
			files = (
				CF5A5B9E23CA67AB0048209C /* art.scnassets in Resources */,
				CF5A5BA823CA67AC0048209C /* LaunchScreen.storyboard in Resources */,
				CF5A5BA523CA67AC0048209C /* Assets.xcassets in Resources */,
				CF5A5BA323CA67AB0048209C /* Main.storyboard in Resources */,
			);
			runOnlyForDeploymentPostprocessing = 0;
		};
		CF5A5BAC23CA67AD0048209C /* Resources */ = {
			isa = PBXResourcesBuildPhase;
			buildActionMask = 2147483647;
			files = (
			);
			runOnlyForDeploymentPostprocessing = 0;
		};
		CF5A5BB723CA67AD0048209C /* Resources */ = {
			isa = PBXResourcesBuildPhase;
			buildActionMask = 2147483647;
			files = (
			);
			runOnlyForDeploymentPostprocessing = 0;
		};
/* End PBXResourcesBuildPhase section */

/* Begin PBXSourcesBuildPhase section */
		CF5A5B9423CA67AA0048209C /* Sources */ = {
			isa = PBXSourcesBuildPhase;
			buildActionMask = 2147483647;
			files = (
				CF89E7BB23CAEEB30034DD00 /* Payload.swift in Sources */,
				CFF7191F23CA9BDA00164BCB /* RectangleDetector.swift in Sources */,
				CFF7192123CAA66D00164BCB /* GameplayImage.swift in Sources */,
				CF5A5BA023CA67AB0048209C /* ViewController.swift in Sources */,
				CFF7192323CAAA8200164BCB /* Utilities.swift in Sources */,
				CF5A5B9C23CA67AB0048209C /* AppDelegate.swift in Sources */,
			);
			runOnlyForDeploymentPostprocessing = 0;
		};
		CF5A5BAA23CA67AD0048209C /* Sources */ = {
			isa = PBXSourcesBuildPhase;
			buildActionMask = 2147483647;
			files = (
				CF5A5BB323CA67AD0048209C /* Stats_on_SightTests.swift in Sources */,
			);
			runOnlyForDeploymentPostprocessing = 0;
		};
		CF5A5BB523CA67AD0048209C /* Sources */ = {
			isa = PBXSourcesBuildPhase;
			buildActionMask = 2147483647;
			files = (
				CF5A5BBE23CA67AD0048209C /* Stats_on_SightUITests.swift in Sources */,
			);
			runOnlyForDeploymentPostprocessing = 0;
		};
/* End PBXSourcesBuildPhase section */

/* Begin PBXTargetDependency section */
		CF5A5BB023CA67AD0048209C /* PBXTargetDependency */ = {
			isa = PBXTargetDependency;
			target = CF5A5B9723CA67AA0048209C /* Stats on Sight */;
			targetProxy = CF5A5BAF23CA67AD0048209C /* PBXContainerItemProxy */;
		};
		CF5A5BBB23CA67AD0048209C /* PBXTargetDependency */ = {
			isa = PBXTargetDependency;
			target = CF5A5B9723CA67AA0048209C /* Stats on Sight */;
			targetProxy = CF5A5BBA23CA67AD0048209C /* PBXContainerItemProxy */;
		};
/* End PBXTargetDependency section */

/* Begin PBXVariantGroup section */
		CF5A5BA123CA67AB0048209C /* Main.storyboard */ = {
			isa = PBXVariantGroup;
			children = (
				CF5A5BA223CA67AB0048209C /* Base */,
			);
			name = Main.storyboard;
			sourceTree = "<group>";
		};
		CF5A5BA623CA67AC0048209C /* LaunchScreen.storyboard */ = {
			isa = PBXVariantGroup;
			children = (
				CF5A5BA723CA67AC0048209C /* Base */,
			);
			name = LaunchScreen.storyboard;
			sourceTree = "<group>";
		};
/* End PBXVariantGroup section */

/* Begin XCBuildConfiguration section */
		CF5A5BC023CA67AD0048209C /* Debug */ = {
			isa = XCBuildConfiguration;
			buildSettings = {
				ALWAYS_SEARCH_USER_PATHS = NO;
				CLANG_ANALYZER_NONNULL = YES;
				CLANG_ANALYZER_NUMBER_OBJECT_CONVERSION = YES_AGGRESSIVE;
				CLANG_CXX_LANGUAGE_STANDARD = "gnu++14";
				CLANG_CXX_LIBRARY = "libc++";
				CLANG_ENABLE_MODULES = YES;
				CLANG_ENABLE_OBJC_ARC = YES;
				CLANG_ENABLE_OBJC_WEAK = YES;
				CLANG_WARN_BLOCK_CAPTURE_AUTORELEASING = YES;
				CLANG_WARN_BOOL_CONVERSION = YES;
				CLANG_WARN_COMMA = YES;
				CLANG_WARN_CONSTANT_CONVERSION = YES;
				CLANG_WARN_DEPRECATED_OBJC_IMPLEMENTATIONS = YES;
				CLANG_WARN_DIRECT_OBJC_ISA_USAGE = YES_ERROR;
				CLANG_WARN_DOCUMENTATION_COMMENTS = YES;
				CLANG_WARN_EMPTY_BODY = YES;
				CLANG_WARN_ENUM_CONVERSION = YES;
				CLANG_WARN_INFINITE_RECURSION = YES;
				CLANG_WARN_INT_CONVERSION = YES;
				CLANG_WARN_NON_LITERAL_NULL_CONVERSION = YES;
				CLANG_WARN_OBJC_IMPLICIT_RETAIN_SELF = YES;
				CLANG_WARN_OBJC_LITERAL_CONVERSION = YES;
				CLANG_WARN_OBJC_ROOT_CLASS = YES_ERROR;
				CLANG_WARN_RANGE_LOOP_ANALYSIS = YES;
				CLANG_WARN_STRICT_PROTOTYPES = YES;
				CLANG_WARN_SUSPICIOUS_MOVE = YES;
				CLANG_WARN_UNGUARDED_AVAILABILITY = YES_AGGRESSIVE;
				CLANG_WARN_UNREACHABLE_CODE = YES;
				CLANG_WARN__DUPLICATE_METHOD_MATCH = YES;
				CODE_SIGN_IDENTITY = "iPhone Developer";
				COPY_PHASE_STRIP = NO;
				DEBUG_INFORMATION_FORMAT = dwarf;
				ENABLE_STRICT_OBJC_MSGSEND = YES;
				ENABLE_TESTABILITY = YES;
				GCC_C_LANGUAGE_STANDARD = gnu11;
				GCC_DYNAMIC_NO_PIC = NO;
				GCC_NO_COMMON_BLOCKS = YES;
				GCC_OPTIMIZATION_LEVEL = 0;
				GCC_PREPROCESSOR_DEFINITIONS = (
					"DEBUG=1",
					"$(inherited)",
				);
				GCC_WARN_64_TO_32_BIT_CONVERSION = YES;
				GCC_WARN_ABOUT_RETURN_TYPE = YES_ERROR;
				GCC_WARN_UNDECLARED_SELECTOR = YES;
				GCC_WARN_UNINITIALIZED_AUTOS = YES_AGGRESSIVE;
				GCC_WARN_UNUSED_FUNCTION = YES;
				GCC_WARN_UNUSED_VARIABLE = YES;
				IPHONEOS_DEPLOYMENT_TARGET = 12.1;
				MTL_ENABLE_DEBUG_INFO = INCLUDE_SOURCE;
				MTL_FAST_MATH = YES;
				ONLY_ACTIVE_ARCH = YES;
				SDKROOT = iphoneos;
				SWIFT_ACTIVE_COMPILATION_CONDITIONS = DEBUG;
				SWIFT_OPTIMIZATION_LEVEL = "-Onone";
			};
			name = Debug;
		};
		CF5A5BC123CA67AD0048209C /* Release */ = {
			isa = XCBuildConfiguration;
			buildSettings = {
				ALWAYS_SEARCH_USER_PATHS = NO;
				CLANG_ANALYZER_NONNULL = YES;
				CLANG_ANALYZER_NUMBER_OBJECT_CONVERSION = YES_AGGRESSIVE;
				CLANG_CXX_LANGUAGE_STANDARD = "gnu++14";
				CLANG_CXX_LIBRARY = "libc++";
				CLANG_ENABLE_MODULES = YES;
				CLANG_ENABLE_OBJC_ARC = YES;
				CLANG_ENABLE_OBJC_WEAK = YES;
				CLANG_WARN_BLOCK_CAPTURE_AUTORELEASING = YES;
				CLANG_WARN_BOOL_CONVERSION = YES;
				CLANG_WARN_COMMA = YES;
				CLANG_WARN_CONSTANT_CONVERSION = YES;
				CLANG_WARN_DEPRECATED_OBJC_IMPLEMENTATIONS = YES;
				CLANG_WARN_DIRECT_OBJC_ISA_USAGE = YES_ERROR;
				CLANG_WARN_DOCUMENTATION_COMMENTS = YES;
				CLANG_WARN_EMPTY_BODY = YES;
				CLANG_WARN_ENUM_CONVERSION = YES;
				CLANG_WARN_INFINITE_RECURSION = YES;
				CLANG_WARN_INT_CONVERSION = YES;
				CLANG_WARN_NON_LITERAL_NULL_CONVERSION = YES;
				CLANG_WARN_OBJC_IMPLICIT_RETAIN_SELF = YES;
				CLANG_WARN_OBJC_LITERAL_CONVERSION = YES;
				CLANG_WARN_OBJC_ROOT_CLASS = YES_ERROR;
				CLANG_WARN_RANGE_LOOP_ANALYSIS = YES;
				CLANG_WARN_STRICT_PROTOTYPES = YES;
				CLANG_WARN_SUSPICIOUS_MOVE = YES;
				CLANG_WARN_UNGUARDED_AVAILABILITY = YES_AGGRESSIVE;
				CLANG_WARN_UNREACHABLE_CODE = YES;
				CLANG_WARN__DUPLICATE_METHOD_MATCH = YES;
				CODE_SIGN_IDENTITY = "iPhone Developer";
				COPY_PHASE_STRIP = NO;
				DEBUG_INFORMATION_FORMAT = "dwarf-with-dsym";
				ENABLE_NS_ASSERTIONS = NO;
				ENABLE_STRICT_OBJC_MSGSEND = YES;
				GCC_C_LANGUAGE_STANDARD = gnu11;
				GCC_NO_COMMON_BLOCKS = YES;
				GCC_WARN_64_TO_32_BIT_CONVERSION = YES;
				GCC_WARN_ABOUT_RETURN_TYPE = YES_ERROR;
				GCC_WARN_UNDECLARED_SELECTOR = YES;
				GCC_WARN_UNINITIALIZED_AUTOS = YES_AGGRESSIVE;
				GCC_WARN_UNUSED_FUNCTION = YES;
				GCC_WARN_UNUSED_VARIABLE = YES;
				IPHONEOS_DEPLOYMENT_TARGET = 12.1;
				MTL_ENABLE_DEBUG_INFO = NO;
				MTL_FAST_MATH = YES;
				SDKROOT = iphoneos;
				SWIFT_COMPILATION_MODE = wholemodule;
				SWIFT_OPTIMIZATION_LEVEL = "-O";
				VALIDATE_PRODUCT = YES;
			};
			name = Release;
		};
		CF5A5BC323CA67AD0048209C /* Debug */ = {
			isa = XCBuildConfiguration;
			buildSettings = {
				ASSETCATALOG_COMPILER_APPICON_NAME = AppIcon;
				CODE_SIGN_STYLE = Automatic;
				DEVELOPMENT_TEAM = 7B385437DM;
				INFOPLIST_FILE = "Stats on Sight/Info.plist";
				LD_RUNPATH_SEARCH_PATHS = (
					"$(inherited)",
					"@executable_path/Frameworks",
				);
				PRODUCT_BUNDLE_IDENTIFIER = "acwlaw.Stats-on-Sight";
				PRODUCT_NAME = "$(TARGET_NAME)";
				SWIFT_VERSION = 4.2;
				TARGETED_DEVICE_FAMILY = "1,2";
			};
			name = Debug;
		};
		CF5A5BC423CA67AD0048209C /* Release */ = {
			isa = XCBuildConfiguration;
			buildSettings = {
				ASSETCATALOG_COMPILER_APPICON_NAME = AppIcon;
				CODE_SIGN_STYLE = Automatic;
				DEVELOPMENT_TEAM = 7B385437DM;
				INFOPLIST_FILE = "Stats on Sight/Info.plist";
				LD_RUNPATH_SEARCH_PATHS = (
					"$(inherited)",
					"@executable_path/Frameworks",
				);
				PRODUCT_BUNDLE_IDENTIFIER = "acwlaw.Stats-on-Sight";
				PRODUCT_NAME = "$(TARGET_NAME)";
				SWIFT_VERSION = 4.2;
				TARGETED_DEVICE_FAMILY = "1,2";
			};
			name = Release;
		};
		CF5A5BC623CA67AD0048209C /* Debug */ = {
			isa = XCBuildConfiguration;
			buildSettings = {
				ALWAYS_EMBED_SWIFT_STANDARD_LIBRARIES = YES;
				BUNDLE_LOADER = "$(TEST_HOST)";
				CODE_SIGN_STYLE = Automatic;
				DEVELOPMENT_TEAM = 7B385437DM;
				INFOPLIST_FILE = "Stats on SightTests/Info.plist";
				LD_RUNPATH_SEARCH_PATHS = (
					"$(inherited)",
					"@executable_path/Frameworks",
					"@loader_path/Frameworks",
				);
				PRODUCT_BUNDLE_IDENTIFIER = "acwlaw.Stats-on-SightTests";
				PRODUCT_NAME = "$(TARGET_NAME)";
				SWIFT_VERSION = 4.2;
				TARGETED_DEVICE_FAMILY = "1,2";
				TEST_HOST = "$(BUILT_PRODUCTS_DIR)/Stats on Sight.app/Stats on Sight";
			};
			name = Debug;
		};
		CF5A5BC723CA67AD0048209C /* Release */ = {
			isa = XCBuildConfiguration;
			buildSettings = {
				ALWAYS_EMBED_SWIFT_STANDARD_LIBRARIES = YES;
				BUNDLE_LOADER = "$(TEST_HOST)";
				CODE_SIGN_STYLE = Automatic;
				DEVELOPMENT_TEAM = 7B385437DM;
				INFOPLIST_FILE = "Stats on SightTests/Info.plist";
				LD_RUNPATH_SEARCH_PATHS = (
					"$(inherited)",
					"@executable_path/Frameworks",
					"@loader_path/Frameworks",
				);
				PRODUCT_BUNDLE_IDENTIFIER = "acwlaw.Stats-on-SightTests";
				PRODUCT_NAME = "$(TARGET_NAME)";
				SWIFT_VERSION = 4.2;
				TARGETED_DEVICE_FAMILY = "1,2";
				TEST_HOST = "$(BUILT_PRODUCTS_DIR)/Stats on Sight.app/Stats on Sight";
			};
			name = Release;
		};
		CF5A5BC923CA67AD0048209C /* Debug */ = {
			isa = XCBuildConfiguration;
			buildSettings = {
				ALWAYS_EMBED_SWIFT_STANDARD_LIBRARIES = YES;
				CODE_SIGN_STYLE = Automatic;
				DEVELOPMENT_TEAM = 7B385437DM;
				INFOPLIST_FILE = "Stats on SightUITests/Info.plist";
				LD_RUNPATH_SEARCH_PATHS = (
					"$(inherited)",
					"@executable_path/Frameworks",
					"@loader_path/Frameworks",
				);
				PRODUCT_BUNDLE_IDENTIFIER = "acwlaw.Stats-on-SightUITests";
				PRODUCT_NAME = "$(TARGET_NAME)";
				SWIFT_VERSION = 4.2;
				TARGETED_DEVICE_FAMILY = "1,2";
				TEST_TARGET_NAME = "Stats on Sight";
			};
			name = Debug;
		};
		CF5A5BCA23CA67AD0048209C /* Release */ = {
			isa = XCBuildConfiguration;
			buildSettings = {
				ALWAYS_EMBED_SWIFT_STANDARD_LIBRARIES = YES;
				CODE_SIGN_STYLE = Automatic;
				DEVELOPMENT_TEAM = 7B385437DM;
				INFOPLIST_FILE = "Stats on SightUITests/Info.plist";
				LD_RUNPATH_SEARCH_PATHS = (
					"$(inherited)",
					"@executable_path/Frameworks",
					"@loader_path/Frameworks",
				);
				PRODUCT_BUNDLE_IDENTIFIER = "acwlaw.Stats-on-SightUITests";
				PRODUCT_NAME = "$(TARGET_NAME)";
				SWIFT_VERSION = 4.2;
				TARGETED_DEVICE_FAMILY = "1,2";
				TEST_TARGET_NAME = "Stats on Sight";
			};
			name = Release;
		};
/* End XCBuildConfiguration section */

/* Begin XCConfigurationList section */
		CF5A5B9323CA67AA0048209C /* Build configuration list for PBXProject "Stats on Sight" */ = {
			isa = XCConfigurationList;
			buildConfigurations = (
				CF5A5BC023CA67AD0048209C /* Debug */,
				CF5A5BC123CA67AD0048209C /* Release */,
			);
			defaultConfigurationIsVisible = 0;
			defaultConfigurationName = Release;
		};
		CF5A5BC223CA67AD0048209C /* Build configuration list for PBXNativeTarget "Stats on Sight" */ = {
			isa = XCConfigurationList;
			buildConfigurations = (
				CF5A5BC323CA67AD0048209C /* Debug */,
				CF5A5BC423CA67AD0048209C /* Release */,
			);
			defaultConfigurationIsVisible = 0;
			defaultConfigurationName = Release;
		};
		CF5A5BC523CA67AD0048209C /* Build configuration list for PBXNativeTarget "Stats on SightTests" */ = {
			isa = XCConfigurationList;
			buildConfigurations = (
				CF5A5BC623CA67AD0048209C /* Debug */,
				CF5A5BC723CA67AD0048209C /* Release */,
			);
			defaultConfigurationIsVisible = 0;
			defaultConfigurationName = Release;
		};
		CF5A5BC823CA67AD0048209C /* Build configuration list for PBXNativeTarget "Stats on SightUITests" */ = {
			isa = XCConfigurationList;
			buildConfigurations = (
				CF5A5BC923CA67AD0048209C /* Debug */,
				CF5A5BCA23CA67AD0048209C /* Release */,
			);
			defaultConfigurationIsVisible = 0;
			defaultConfigurationName = Release;
		};
/* End XCConfigurationList section */
	};
	rootObject = CF5A5B9023CA67AA0048209C /* Project object */;
}
